
Microsoft Visual Studio Solution File, Format Version 12.00
# Visual Studio Version 16
VisualStudioVersion = 16.0.31321.278
MinimumVisualStudioVersion = 10.0.40219.1
Project("{9A19103F-16F7-4668-BE54-9A1E7A4F7556}") = "install_wim_tweak", "install_wim_tweak.csproj", "{288E7C92-00E5-46F4-8334-230491B7B82A}"
EndProject
Global
	GlobalSection(SolutionConfigurationPlatforms) = preSolution
		Debug|Any CPU = Debug|Any CPU
		Release|Any CPU = Release|Any CPU
	EndGlobalSection
	GlobalSection(ProjectConfigurationPlatforms) = postSolution
		{288E7C92-00E5-46F4-8334-230491B7B82A}.Debug|Any CPU.ActiveCfg = Debug|Any CPU
		{288E7C92-00E5-46F4-8334-230491B7B82A}.Debug|Any CPU.Build.0 = Debug|Any CPU
		{288E7C92-00E5-46F4-8334-230491B7B82A}.Release|Any CPU.ActiveCfg = Release|Any CPU
		{288E7C92-00E5-46F4-8334-230491B7B82A}.Release|Any CPU.Build.0 = Release|Any CPU
	EndGlobalSection
	GlobalSection(SolutionProperties) = preSolution
		HideSolutionNode = FALSE
	EndGlobalSection
	GlobalSection(ExtensibilityGlobals) = postSolution
		SolutionGuid = {301A79C2-E448-4F36-8B5B-FD24B37930EF}
	EndGlobalSection
EndGlobal
